Microsoft Visual Studio Solution File, Format Version 12.00
# Visual Studio Version 17
VisualStudioVersion = 17.4.33213.308
MinimumVisualStudioVersion = 10.0.40219.1
Project("{9A19103F-16F7-4668-BE54-9A1E7A4F7556}") = "TwinTech", "TwinTech\TwinTech.csproj", "{14348117-4503-49CD-94F9-1852069543E3}"
EndProject
Project("{9A19103F-16F7-4668-BE54-9A1E7A4F7556}") = "Twinsanity Command Interface", "Twinsanity Command Interface\Twinsanity Command Interface.csproj", "{8251F455-C874-414A-B9AE-792375197C79}"
EndProject
Project("{9A19103F-16F7-4668-BE54-9A1E7A4F7556}") = "TT Lab", "TT Lab\TT Lab.csproj", "{640EEAEC-CB84-4499-B5A9-E084CAB68D91}"
	ProjectSection(ProjectDependencies) = postProject
		{14348117-4503-49CD-94F9-1852069543E3} = {14348117-4503-49CD-94F9-1852069543E3}
	EndProjectSection
EndProject
Global
	GlobalSection(SolutionConfigurationPlatforms) = preSolution
		Debug|Any CPU = Debug|Any CPU
		Debug|x64 = Debug|x64
		Release|Any CPU = Release|Any CPU
		Release|x64 = Release|x64
	EndGlobalSection
	GlobalSection(ProjectConfigurationPlatforms) = postSolution
		{14348117-4503-49CD-94F9-1852069543E3}.Debug|Any CPU.ActiveCfg = Debug|Any CPU
		{14348117-4503-49CD-94F9-1852069543E3}.Debug|Any CPU.Build.0 = Debug|Any CPU
		{14348117-4503-49CD-94F9-1852069543E3}.Debug|x64.ActiveCfg = Debug|Any CPU
		{14348117-4503-49CD-94F9-1852069543E3}.Debug|x64.Build.0 = Debug|Any CPU
		{14348117-4503-49CD-94F9-1852069543E3}.Release|Any CPU.ActiveCfg = Release|Any CPU
		{14348117-4503-49CD-94F9-1852069543E3}.Release|Any CPU.Build.0 = Release|Any CPU
		{14348117-4503-49CD-94F9-1852069543E3}.Release|x64.ActiveCfg = Release|x64
		{14348117-4503-49CD-94F9-1852069543E3}.Release|x64.Build.0 = Release|x64
		{8251F455-C874-414A-B9AE-792375197C79}.Debug|Any CPU.ActiveCfg = Debug|Any CPU
		{8251F455-C874-414A-B9AE-792375197C79}.Debug|Any CPU.Build.0 = Debug|Any CPU
		{8251F455-C874-414A-B9AE-792375197C79}.Debug|x64.ActiveCfg = Debug|Any CPU
		{8251F455-C874-414A-B9AE-792375197C79}.Debug|x64.Build.0 = Debug|Any CPU
		{8251F455-C874-414A-B9AE-792375197C79}.Release|Any CPU.ActiveCfg = Release|Any CPU
		{8251F455-C874-414A-B9AE-792375197C79}.Release|Any CPU.Build.0 = Release|Any CPU
		{8251F455-C874-414A-B9AE-792375197C79}.Release|x64.ActiveCfg = Release|x64
		{8251F455-C874-414A-B9AE-792375197C79}.Release|x64.Build.0 = Release|x64
		{640EEAEC-CB84-4499-B5A9-E084CAB68D91}.Debug|Any CPU.ActiveCfg = Debug|Any CPU
		{640EEAEC-CB84-4499-B5A9-E084CAB68D91}.Debug|Any CPU.Build.0 = Debug|Any CPU
		{640EEAEC-CB84-4499-B5A9-E084CAB68D91}.Debug|x64.ActiveCfg = Debug|Any CPU
		{640EEAEC-CB84-4499-B5A9-E084CAB68D91}.Debug|x64.Build.0 = Debug|Any CPU
		{640EEAEC-CB84-4499-B5A9-E084CAB68D91}.Release|Any CPU.ActiveCfg = Release|x64
		{640EEAEC-CB84-4499-B5A9-E084CAB68D91}.Release|Any CPU.Build.0 = Release|x64
		{640EEAEC-CB84-4499-B5A9-E084CAB68D91}.Release|x64.ActiveCfg = Release|x64
		{640EEAEC-CB84-4499-B5A9-E084CAB68D91}.Release|x64.Build.0 = Release|x64
	EndGlobalSection
	GlobalSection(SolutionProperties) = preSolution
		HideSolutionNode = FALSE
	EndGlobalSection
	GlobalSection(ExtensibilityGlobals) = postSolution
		SolutionGuid = {E196C841-6F57-487A-BDDF-5E6443ABA312}
	EndGlobalSection
EndGlobal
