
Microsoft Visual Studio Solution File, Format Version 12.00
# Blend for Visual Studio Version 16
VisualStudioVersion = 16.0.30320.27
MinimumVisualStudioVersion = 10.0.40219.1
Project("{FAE04EC0-301F-11D3-BF4B-00C04F79EFBC}") = "TwinTech", "TwinTech\TwinTech.csproj", "{14348117-4503-49CD-94F9-1852069543E3}"
EndProject
Project("{FAE04EC0-301F-11D3-BF4B-00C04F79EFBC}") = "Twinsanity Command Interface", "Twinsanity Command Interface\Twinsanity Command Interface.csproj", "{8251F455-C874-414A-B9AE-792375197C79}"
EndProject
Project("{FAE04EC0-301F-11D3-BF4B-00C04F79EFBC}") = "TT Lab", "TT Lab\TT Lab.csproj", "{640EEAEC-CB84-4499-B5A9-E084CAB68D91}"
EndProject
Global
	GlobalSection(SolutionConfigurationPlatforms) = preSolution
		Debug|Any CPU = Debug|Any CPU
		Release|Any CPU = Release|Any CPU
	EndGlobalSection
	GlobalSection(ProjectConfigurationPlatforms) = postSolution
		{14348117-4503-49CD-94F9-1852069543E3}.Debug|Any CPU.ActiveCfg = Debug|Any CPU
		{14348117-4503-49CD-94F9-1852069543E3}.Debug|Any CPU.Build.0 = Debug|Any CPU
		{14348117-4503-49CD-94F9-1852069543E3}.Release|Any CPU.ActiveCfg = Release|Any CPU
		{14348117-4503-49CD-94F9-1852069543E3}.Release|Any CPU.Build.0 = Release|Any CPU
		{8251F455-C874-414A-B9AE-792375197C79}.Debug|Any CPU.ActiveCfg = Debug|Any CPU
		{8251F455-C874-414A-B9AE-792375197C79}.Debug|Any CPU.Build.0 = Debug|Any CPU
		{8251F455-C874-414A-B9AE-792375197C79}.Release|Any CPU.ActiveCfg = Release|Any CPU
		{8251F455-C874-414A-B9AE-792375197C79}.Release|Any CPU.Build.0 = Release|Any CPU
		{640EEAEC-CB84-4499-B5A9-E084CAB68D91}.Debug|Any CPU.ActiveCfg = Debug|Any CPU
		{640EEAEC-CB84-4499-B5A9-E084CAB68D91}.Debug|Any CPU.Build.0 = Debug|Any CPU
		{640EEAEC-CB84-4499-B5A9-E084CAB68D91}.Release|Any CPU.ActiveCfg = Release|Any CPU
		{640EEAEC-CB84-4499-B5A9-E084CAB68D91}.Release|Any CPU.Build.0 = Release|Any CPU
	EndGlobalSection
	GlobalSection(SolutionProperties) = preSolution
		HideSolutionNode = FALSE
	EndGlobalSection
	GlobalSection(ExtensibilityGlobals) = postSolution
		SolutionGuid = {E196C841-6F57-487A-BDDF-5E6443ABA312}
	EndGlobalSection
EndGlobal
